
Microsoft Visual Studio Solution File, Format Version 12.00
# Visual Studio Version 16
VisualStudioVersion = 16.0.32929.386
MinimumVisualStudioVersion = 10.0.40219.1
Project("{FAE04EC0-301F-11D3-BF4B-00C04F79EFBC}") = "TestASP", "TestASP\TestASP.csproj", "{F019F74A-2951-4E8A-B196-B265004C32DA}"
EndProject
Project("{FAE04EC0-301F-11D3-BF4B-00C04F79EFBC}") = "EventoPagina003", "EventoPagina003\EventoPagina003.csproj", "{F71169CF-21D6-4CE4-8E35-2BEB3C673A36}"
EndProject
Project("{FAE04EC0-301F-11D3-BF4B-00C04F79EFBC}") = "StateLess001", "StateLess001\StateLess001.csproj", "{C340CA0D-5062-40F1-8100-D5F6ED40FA12}"
EndProject
Project("{FAE04EC0-301F-11D3-BF4B-00C04F79EFBC}") = "Sessiondeusuario", "Sessiondeusuario\Sessiondeusuario.csproj", "{3CEA3326-1CDD-4401-A695-72F10670ECCF}"
EndProject
Global
	GlobalSection(SolutionConfigurationPlatforms) = preSolution
		Debug|Any CPU = Debug|Any CPU
		Release|Any CPU = Release|Any CPU
	EndGlobalSection
	GlobalSection(ProjectConfigurationPlatforms) = postSolution
		{F019F74A-2951-4E8A-B196-B265004C32DA}.Debug|Any CPU.ActiveCfg = Debug|Any CPU
		{F019F74A-2951-4E8A-B196-B265004C32DA}.Debug|Any CPU.Build.0 = Debug|Any CPU
		{F019F74A-2951-4E8A-B196-B265004C32DA}.Release|Any CPU.ActiveCfg = Release|Any CPU
		{F019F74A-2951-4E8A-B196-B265004C32DA}.Release|Any CPU.Build.0 = Release|Any CPU
		{F71169CF-21D6-4CE4-8E35-2BEB3C673A36}.Debug|Any CPU.ActiveCfg = Debug|Any CPU
		{F71169CF-21D6-4CE4-8E35-2BEB3C673A36}.Debug|Any CPU.Build.0 = Debug|Any CPU
		{F71169CF-21D6-4CE4-8E35-2BEB3C673A36}.Release|Any CPU.ActiveCfg = Release|Any CPU
		{F71169CF-21D6-4CE4-8E35-2BEB3C673A36}.Release|Any CPU.Build.0 = Release|Any CPU
		{C340CA0D-5062-40F1-8100-D5F6ED40FA12}.Debug|Any CPU.ActiveCfg = Debug|Any CPU
		{C340CA0D-5062-40F1-8100-D5F6ED40FA12}.Debug|Any CPU.Build.0 = Debug|Any CPU
		{C340CA0D-5062-40F1-8100-D5F6ED40FA12}.Release|Any CPU.ActiveCfg = Release|Any CPU
		{C340CA0D-5062-40F1-8100-D5F6ED40FA12}.Release|Any CPU.Build.0 = Release|Any CPU
		{3CEA3326-1CDD-4401-A695-72F10670ECCF}.Debug|Any CPU.ActiveCfg = Debug|Any CPU
		{3CEA3326-1CDD-4401-A695-72F10670ECCF}.Debug|Any CPU.Build.0 = Debug|Any CPU
		{3CEA3326-1CDD-4401-A695-72F10670ECCF}.Release|Any CPU.ActiveCfg = Release|Any CPU
		{3CEA3326-1CDD-4401-A695-72F10670ECCF}.Release|Any CPU.Build.0 = Release|Any CPU
	EndGlobalSection
	GlobalSection(SolutionProperties) = preSolution
		HideSolutionNode = FALSE
	EndGlobalSection
	GlobalSection(ExtensibilityGlobals) = postSolution
		SolutionGuid = {2B4F445F-AAD5-4C2C-9888-D75A7728EEE1}
	EndGlobalSection
EndGlobal
